<?xml version="1.0" encoding="utf-8"?>
<Project ToolsVersion="4.0" xmlns="http://schemas.microsoft.com/developer/msbuild/2003">
  <ItemGroup>
    <Filter Include="ソース ファイル">
      <UniqueIdentifier>{4FC737F1-C7A5-4376-A066-2A32D752A2FF}</UniqueIdentifier>
      <Extensions>cpp;c;cc;cxx;c++;cppm;ixx;def;odl;idl;hpj;bat;asm;asmx</Extensions>
    </Filter>
    <Filter Include="ヘッダー ファイル">
      <UniqueIdentifier>{93995380-89BD-4b04-88EB-625FBE52EBFB}</UniqueIdentifier>
      <Extensions>h;hh;hpp;hxx;h++;hm;inl;inc;ipp;xsd</Extensions>
    </Filter>
    <Filter Include="リソース ファイル">
      <UniqueIdentifier>{67DA6AB6-F800-4c08-8B7A-83BB121AAD01}</UniqueIdentifier>
      <Extensions>rc;ico;cur;bmp;dlg;rc2;rct;bin;rgs;gif;jpg;jpeg;jpe;resx;tiff;tif;png;wav;mfcribbon-ms</Extensions>
    </Filter>
  </ItemGroup>
  <ItemGroup>
    <ClCompile Include="YMEngine\application\application.cpp">
      <Filter>ソース ファイル</Filter>
    </ClCompile>
    <ClCompile Include="pch.cpp">
      <Filter>ソース ファイル</Filter>
    </ClCompile>
    <ClCompile Include="YMEngine\winAPI\window\window.cpp">
      <Filter>ソース ファイル</Filter>
    </ClCompile>
    <ClCompile Include="main.cpp">
      <Filter>ソース ファイル</Filter>
    </ClCompile>
    <ClCompile Include="YMEngine\directX12\device\device.cpp">
      <Filter>ソース ファイル</Filter>
    </ClCompile>
    <ClCompile Include="YMEngine\directX12\Renderer\renderer.cpp">
      <Filter>ソース ファイル</Filter>
    </ClCompile>
    <ClCompile Include="YMEngine\directX12\commandQueue\commandQueue.cpp">
      <Filter>ソース ファイル</Filter>
    </ClCompile>
    <ClCompile Include="YMEngine\directX12\commandList\commandList.cpp">
      <Filter>ソース ファイル</Filter>
    </ClCompile>
    <ClCompile Include="YMEngine\directX12\swapChain\swapChain.cpp">
      <Filter>ソース ファイル</Filter>
    </ClCompile>
    <ClCompile Include="YMEngine\directX12\texture\texture.cpp">
      <Filter>ソース ファイル</Filter>
    </ClCompile>
    <ClCompile Include="YMEngine\directX12\textureView\textureView.cpp">
      <Filter>ソース ファイル</Filter>
    </ClCompile>
    <ClCompile Include="YMEngine\directX12\descriptor\descriptor.cpp">
      <Filter>ソース ファイル</Filter>
    </ClCompile>
    <ClCompile Include="YMEngine\directX12\descriptorHeap\descriptorHeap.cpp">
      <Filter>ソース ファイル</Filter>
    </ClCompile>
    <ClCompile Include="YMEngine\utility\inputSystem\gamePad\gamePadInput.cpp">
      <Filter>ソース ファイル</Filter>
    </ClCompile>
    <ClCompile Include="YMEngine\utility\inputSystem\inputSystem.cpp">
      <Filter>ソース ファイル</Filter>
    </ClCompile>
    <ClCompile Include="YMEngine\utility\inputSystem\keyBoard\keyBoardInput.cpp">
      <Filter>ソース ファイル</Filter>
    </ClCompile>
    <ClCompile Include="YMEngine\utility\inputSystem\mouse\mouseInput.cpp">
      <Filter>ソース ファイル</Filter>
    </ClCompile>
    <ClCompile Include="YMEngine\utility\vector\vector.cpp">
      <Filter>ソース ファイル</Filter>
    </ClCompile>
    <ClCompile Include="YMEngine\directX12\bufferView\bufferView.cpp">
      <Filter>ソース ファイル</Filter>
    </ClCompile>
    <ClCompile Include="YMEngine\directX12\buffer\buffer.cpp">
      <Filter>ソース ファイル</Filter>
    </ClCompile>
    <ClCompile Include="YMEngine\directX12\pipelineState\pipelineState.cpp">
      <Filter>ソース ファイル</Filter>
    </ClCompile>
    <ClCompile Include="YMEngine\directX12\rootSignature\rootSignature.cpp">
      <Filter>ソース ファイル</Filter>
    </ClCompile>
    <ClCompile Include="YMEngine\directX12\sampler\sampler.cpp">
      <Filter>ソース ファイル</Filter>
    </ClCompile>
    <ClCompile Include="YMEngine\directX12\shader\shader.cpp">
      <Filter>ソース ファイル</Filter>
    </ClCompile>
    <ClCompile Include="YMEngine\test\polygon.cpp">
      <Filter>ソース ファイル</Filter>
    </ClCompile>
    <ClCompile Include="YMEngine\gameFrameWork\scene\sceneManager.cpp">
      <Filter>ソース ファイル</Filter>
    </ClCompile>
    <ClCompile Include="Game\Scene\TestScene\testScene.cpp">
      <Filter>ソース ファイル</Filter>
    </ClCompile>
    <ClCompile Include="YMEngine\gameFrameWork\gameObject\gameObject.cpp">
      <Filter>ソース ファイル</Filter>
    </ClCompile>
    <ClCompile Include="Game\Object\TestObject.cpp">
      <Filter>ソース ファイル</Filter>
    </ClCompile>
    <ClCompile Include="YMEngine\gameFrameWork\components\component.cpp">
      <Filter>ソース ファイル</Filter>
    </ClCompile>
    <ClCompile Include="YMEngine\gameFrameWork\components\sprite\sprite.cpp">
      <Filter>ソース ファイル</Filter>
    </ClCompile>
    <ClCompile Include="YMEngine\gameFrameWork\components\fbxLoader\fbxLoader.cpp">
      <Filter>ソース ファイル</Filter>
    </ClCompile>
    <ClCompile Include="YMEngine\gameFrameWork\camera\camera.cpp">
      <Filter>ソース ファイル</Filter>
    </ClCompile>
    <ClCompile Include="YMEngine\gameFrameWork\camera\cameraManager.cpp">
      <Filter>ソース ファイル</Filter>
    </ClCompile>
    <ClCompile Include="YMEngine\gameFrameWork\requiredObject\mainCamera.cpp">
      <Filter>ソース ファイル</Filter>
    </ClCompile>
    <ClCompile Include="YMEngine\gameFrameWork\components\objLoader\objLoader.cpp">
      <Filter>ソース ファイル</Filter>
    </ClCompile>
    <ClCompile Include="YMEngine\directX12\resource\resourceStateTracker.cpp">
      <Filter>ソース ファイル</Filter>
    </ClCompile>
    <ClCompile Include="YMEngine\directX12\resource\resourceManager.cpp">
      <Filter>ソース ファイル</Filter>
    </ClCompile>
    <ClCompile Include="YMEngine\gameFrameWork\components\meshRenderer\meshRenderer.cpp">
      <Filter>ソース ファイル</Filter>
    </ClCompile>
    <ClCompile Include="YMEngine\gameFrameWork\material\material.cpp">
      <Filter>ソース ファイル</Filter>
    </ClCompile>
    <ClCompile Include="YMEngine\directX12\rootSignatureManager\rootSignatureManager.cpp">
      <Filter>ソース ファイル</Filter>
    </ClCompile>
    <ClCompile Include="YMEngine\gameFrameWork\gameObject\gameObjectManager.cpp">
      <Filter>ソース ファイル</Filter>
    </ClCompile>
    <ClCompile Include="YMEngine\directX12\postProcess\postProcessMaterial.cpp">
      <Filter>ソース ファイル</Filter>
    </ClCompile>
    <ClCompile Include="YMEngine\gameFrameWork\material\postProcess\mosaic\mosaicMaterial.cpp">
      <Filter>ソース ファイル</Filter>
    </ClCompile>
    <ClCompile Include="YMEngine\directX12\postProcess\postProcessManager.cpp">
      <Filter>ソース ファイル</Filter>
    </ClCompile>
    <ClCompile Include="YMEngine\gameFrameWork\material\postProcess\grayScale\grayScaleMaterial.cpp">
      <Filter>ソース ファイル</Filter>
    </ClCompile>
    <ClCompile Include="YMEngine\gameFrameWork\material\fbxMaterial.cpp">
      <Filter>ソース ファイル</Filter>
    </ClCompile>
    <ClCompile Include="YMEngine\gameFrameWork\material\objMaterial.cpp">
      <Filter>ソース ファイル</Filter>
    </ClCompile>
    <ClCompile Include="Game\Object\player\player.cpp">
      <Filter>ソース ファイル</Filter>
    </ClCompile>
    <ClCompile Include="Game\Object\TestObject2.cpp">
      <Filter>ソース ファイル</Filter>
    </ClCompile>
    <ClCompile Include="Game\Object\TestObject3.cpp">
      <Filter>ソース ファイル</Filter>
    </ClCompile>
    <ClCompile Include="Game\Scene\TestScene2\testScene2.cpp">
      <Filter>ソース ファイル</Filter>
    </ClCompile>
    <ClCompile Include="YMEngine\directX12\imgui\imguiRender.cpp">
      <Filter>ソース ファイル</Filter>
    </ClCompile>
    <ClCompile Include="YMEngine\directX12\renderTargetManager\renderTargetManager.cpp">
      <Filter>ソース ファイル</Filter>
    </ClCompile>
    <ClCompile Include="YMEngine\directX12\renderTexture\renderTexture.cpp">
      <Filter>ソース ファイル</Filter>
    </ClCompile>
    <ClCompile Include="YMEngine\gameFrameWork\collider\boxCollider.cpp">
      <Filter>ソース ファイル</Filter>
    </ClCompile>
    <ClCompile Include="YMEngine\gameFrameWork\collider\collider.cpp">
      <Filter>ソース ファイル</Filter>
    </ClCompile>
    <ClCompile Include="YMEngine\gameFrameWork\collider\sphereCollider.cpp">
      <Filter>ソース ファイル</Filter>
    </ClCompile>
    <ClCompile Include="YMEngine\gameFrameWork\components\rigidBody\rigidBody.cpp">
      <Filter>ソース ファイル</Filter>
    </ClCompile>
    <ClCompile Include="YMEngine\gameFrameWork\components\rigidBody\rigidbodyMath.cpp">
      <Filter>ソース ファイル</Filter>
    </ClCompile>
    <ClCompile Include="YMEngine\gameFrameWork\light\light.cpp">
      <Filter>ソース ファイル</Filter>
    </ClCompile>
    <ClCompile Include="YMEngine\gameFrameWork\light\lightManager.cpp">
      <Filter>ソース ファイル</Filter>
    </ClCompile>
    <ClCompile Include="YMEngine\gameFrameWork\light\pointLight.cpp">
      <Filter>ソース ファイル</Filter>
    </ClCompile>
    <ClCompile Include="YMEngine\gameFrameWork\material\debugMaterial.cpp">
      <Filter>ソース ファイル</Filter>
    </ClCompile>
    <ClCompile Include="YMEngine\gameFrameWork\material\dissolveMaterial.cpp">
      <Filter>ソース ファイル</Filter>
    </ClCompile>
    <ClCompile Include="YMEngine\gameFrameWork\material\pbrMaterial.cpp">
      <Filter>ソース ファイル</Filter>
    </ClCompile>
    <ClCompile Include="YMEngine\gameFrameWork\material\postProcess\blur\blurMaterial.cpp">
      <Filter>ソース ファイル</Filter>
    </ClCompile>
    <ClCompile Include="YMEngine\gameFrameWork\material\postProcess\lightPass\lightPassMaterial.cpp">
      <Filter>ソース ファイル</Filter>
    </ClCompile>
    <ClCompile Include="YMEngine\gameFrameWork\material\postProcess\lumPass\lumPassMaterial.cpp">
      <Filter>ソース ファイル</Filter>
    </ClCompile>
    <ClCompile Include="YMEngine\gameFrameWork\material\tornadoMaterial.cpp">
      <Filter>ソース ファイル</Filter>
    </ClCompile>
    <ClCompile Include="YMEngine\gameFrameWork\material\warpGateMaterial.cpp">
      <Filter>ソース ファイル</Filter>
    </ClCompile>
    <ClCompile Include="YMEngine\gameFrameWork\requiredObject\directionalLight.cpp">
      <Filter>ソース ファイル</Filter>
    </ClCompile>
    <ClCompile Include="YMEngine\gameFrameWork\requiredObject\sceneOcTree\sceneOcTree.cpp">
      <Filter>ソース ファイル</Filter>
    </ClCompile>
    <ClCompile Include="YMEngine\gameFrameWork\requiredObject\sphereMap\sphereMap.cpp">
      <Filter>ソース ファイル</Filter>
    </ClCompile>
    <ClCompile Include="YMEngine\gameFrameWork\sceneRenderRegistrar\sceneRenderRegistrar.cpp">
      <Filter>ソース ファイル</Filter>
    </ClCompile>
    <ClCompile Include="YMEngine\ocTree\ocTree.cpp">
      <Filter>ソース ファイル</Filter>
    </ClCompile>
    <ClCompile Include="YMEngine\thirdParty\imgui\imgui.cpp">
      <Filter>ソース ファイル</Filter>
    </ClCompile>
    <ClCompile Include="YMEngine\thirdParty\imgui\imgui_demo.cpp">
      <Filter>ソース ファイル</Filter>
    </ClCompile>
    <ClCompile Include="YMEngine\thirdParty\imgui\imgui_draw.cpp">
      <Filter>ソース ファイル</Filter>
    </ClCompile>
    <ClCompile Include="YMEngine\thirdParty\imgui\imgui_impl_dx12.cpp">
      <Filter>ソース ファイル</Filter>
    </ClCompile>
    <ClCompile Include="YMEngine\thirdParty\imgui\imgui_impl_win32.cpp">
      <Filter>ソース ファイル</Filter>
    </ClCompile>
    <ClCompile Include="YMEngine\thirdParty\imgui\imgui_tables.cpp">
      <Filter>ソース ファイル</Filter>
    </ClCompile>
    <ClCompile Include="YMEngine\thirdParty\imgui\imgui_widgets.cpp">
      <Filter>ソース ファイル</Filter>
    </ClCompile>
    <ClCompile Include="YMEngine\utility\transform\transform.cpp">
      <Filter>ソース ファイル</Filter>
    </ClCompile>
    <ClCompile Include="Game\Object\board\childBoard.cpp">
      <Filter>ソース ファイル</Filter>
    </ClCompile>
    <ClCompile Include="Game\Object\board\gameBoard.cpp">
      <Filter>ソース ファイル</Filter>
    </ClCompile>
    <ClCompile Include="Game\Object\koma\koma.cpp">
      <Filter>ソース ファイル</Filter>
    </ClCompile>
    <ClCompile Include="Game\Component\othello\gameManager.cpp">
      <Filter>ソース ファイル</Filter>
    </ClCompile>
    <ClCompile Include="YMEngine\gameFrameWork\sound\soundManager.cpp">
      <Filter>ソース ファイル</Filter>
    </ClCompile>
    <ClCompile Include="Game\Scene\TitleScene\titleScene.cpp">
      <Filter>ソース ファイル</Filter>
    </ClCompile>
    <ClCompile Include="Game\Object\titleSprite\titleSprite.cpp">
      <Filter>ソース ファイル</Filter>
    </ClCompile>
    <ClCompile Include="Game\Scene\ResultScene\resultScene.cpp">
      <Filter>ソース ファイル</Filter>
    </ClCompile>
    <ClCompile Include="YMEngine\gameFrameWork\material\postProcess\ssr\ssrMaterial.cpp">
      <Filter>ソース ファイル</Filter>
    </ClCompile>
  </ItemGroup>
  <ItemGroup>
    <ClInclude Include="pch.h">
      <Filter>ヘッダー ファイル</Filter>
    </ClInclude>
    <ClInclude Include="d3dx12.h">
      <Filter>ヘッダー ファイル</Filter>
    </ClInclude>
    <ClInclude Include="YMEngine\winAPI\window\window.h">
      <Filter>ヘッダー ファイル</Filter>
    </ClInclude>
    <ClInclude Include="YMEngine\define\type.h">
      <Filter>ヘッダー ファイル</Filter>
    </ClInclude>
    <ClInclude Include="YMEngine\utility\crc.h">
      <Filter>ヘッダー ファイル</Filter>
    </ClInclude>
    <ClInclude Include="YMEngine\utility\fileStream\fileStream.h">
      <Filter>ヘッダー ファイル</Filter>
    </ClInclude>
    <ClInclude Include="YMEngine\utility\stringUtility.h">
      <Filter>ヘッダー ファイル</Filter>
    </ClInclude>
    <ClInclude Include="YMEngine\utility\utility.h">
      <Filter>ヘッダー ファイル</Filter>
    </ClInclude>
    <ClInclude Include="YMEngine\application\application.h">
      <Filter>ヘッダー ファイル</Filter>
    </ClInclude>
    <ClInclude Include="YMEngine\config\system.h">
      <Filter>ヘッダー ファイル</Filter>
    </ClInclude>
    <ClInclude Include="YMEngine\utility\timer.h">
      <Filter>ヘッダー ファイル</Filter>
    </ClInclude>
    <ClInclude Include="YMEngine\directX12\device\device.h">
      <Filter>ヘッダー ファイル</Filter>
    </ClInclude>
    <ClInclude Include="YMEngine\directX12\Renderer\renderer.h">
      <Filter>ヘッダー ファイル</Filter>
    </ClInclude>
    <ClInclude Include="YMEngine\directX12\commandQueue\commandQueue.h">
      <Filter>ヘッダー ファイル</Filter>
    </ClInclude>
    <ClInclude Include="YMEngine\directX12\commandList\commandList.h">
      <Filter>ヘッダー ファイル</Filter>
    </ClInclude>
    <ClInclude Include="YMEngine\directX12\swapChain\swapChain.h">
      <Filter>ヘッダー ファイル</Filter>
    </ClInclude>
    <ClInclude Include="YMEngine\directX12\texture\texture.h">
      <Filter>ヘッダー ファイル</Filter>
    </ClInclude>
    <ClInclude Include="YMEngine\directX12\textureView\textureView.h">
      <Filter>ヘッダー ファイル</Filter>
    </ClInclude>
    <ClInclude Include="YMEngine\directX12\descriptor\descriptor.h">
      <Filter>ヘッダー ファイル</Filter>
    </ClInclude>
    <ClInclude Include="YMEngine\directX12\descriptorHeap\descriptorHeap.h">
      <Filter>ヘッダー ファイル</Filter>
    </ClInclude>
    <ClInclude Include="YMEngine\debug\debug.h">
      <Filter>ヘッダー ファイル</Filter>
    </ClInclude>
    <ClInclude Include="YMEngine\utility\inputSystem\base\inputDevice.h">
      <Filter>ヘッダー ファイル</Filter>
    </ClInclude>
    <ClInclude Include="YMEngine\utility\inputSystem\gamePad\gamePadInput.h">
      <Filter>ヘッダー ファイル</Filter>
    </ClInclude>
    <ClInclude Include="YMEngine\utility\inputSystem\inputManger\inputManger.h">
      <Filter>ヘッダー ファイル</Filter>
    </ClInclude>
    <ClInclude Include="YMEngine\utility\inputSystem\inputSystem.h">
      <Filter>ヘッダー ファイル</Filter>
    </ClInclude>
    <ClInclude Include="YMEngine\utility\inputSystem\keyBoard\keyBoardInput.h">
      <Filter>ヘッダー ファイル</Filter>
    </ClInclude>
    <ClInclude Include="YMEngine\utility\inputSystem\mouse\mouseInput.h">
      <Filter>ヘッダー ファイル</Filter>
    </ClInclude>
    <ClInclude Include="YMEngine\utility\vector\i_vector.h">
      <Filter>ヘッダー ファイル</Filter>
    </ClInclude>
    <ClInclude Include="YMEngine\utility\vector\vector2.h">
      <Filter>ヘッダー ファイル</Filter>
    </ClInclude>
    <ClInclude Include="YMEngine\utility\vector\vector3.h">
      <Filter>ヘッダー ファイル</Filter>
    </ClInclude>
    <ClInclude Include="YMEngine\utility\vector\vectorbase.h">
      <Filter>ヘッダー ファイル</Filter>
    </ClInclude>
    <ClInclude Include="YMEngine\utility\transform\transform.h">
      <Filter>ヘッダー ファイル</Filter>
    </ClInclude>
    <ClInclude Include="YMEngine\directX12\bufferView\bufferView.h">
      <Filter>ヘッダー ファイル</Filter>
    </ClInclude>
    <ClInclude Include="YMEngine\directX12\buffer\buffer.h">
      <Filter>ヘッダー ファイル</Filter>
    </ClInclude>
    <ClInclude Include="YMEngine\directX12\descriptorSet\DescriptorSet.h">
      <Filter>ヘッダー ファイル</Filter>
    </ClInclude>
    <ClInclude Include="YMEngine\directX12\pipelineState\pipelineState.h">
      <Filter>ヘッダー ファイル</Filter>
    </ClInclude>
    <ClInclude Include="YMEngine\directX12\rootSignature\rootSignature.h">
      <Filter>ヘッダー ファイル</Filter>
    </ClInclude>
    <ClInclude Include="YMEngine\directX12\sampler\sampler.h">
      <Filter>ヘッダー ファイル</Filter>
    </ClInclude>
    <ClInclude Include="YMEngine\directX12\shader\shader.h">
      <Filter>ヘッダー ファイル</Filter>
    </ClInclude>
    <ClInclude Include="YMEngine\test\polygon.h">
      <Filter>ヘッダー ファイル</Filter>
    </ClInclude>
    <ClInclude Include="YMEngine\directX12\buffer\constantBuffer\constantBuffer.h">
      <Filter>ヘッダー ファイル</Filter>
    </ClInclude>
    <ClInclude Include="YMEngine\utility\resourceRelease\resourceRelease.h">
      <Filter>ヘッダー ファイル</Filter>
    </ClInclude>
    <ClInclude Include="YMEngine\gameFrameWork\scene\baseScene.h">
      <Filter>ヘッダー ファイル</Filter>
    </ClInclude>
    <ClInclude Include="YMEngine\gameFrameWork\scene\sceneManager.h">
      <Filter>ヘッダー ファイル</Filter>
    </ClInclude>
    <ClInclude Include="Game\Scene\TestScene\testScene.h">
      <Filter>ヘッダー ファイル</Filter>
    </ClInclude>
    <ClInclude Include="YMEngine\gameFrameWork\gameObject\gameObject.h">
      <Filter>ヘッダー ファイル</Filter>
    </ClInclude>
    <ClInclude Include="Game\Object\TestObject.h">
      <Filter>ヘッダー ファイル</Filter>
    </ClInclude>
    <ClInclude Include="YMEngine\gameFrameWork\components\component.h">
      <Filter>ヘッダー ファイル</Filter>
    </ClInclude>
    <ClInclude Include="YMEngine\gameFrameWork\components\sprite\sprite.h">
      <Filter>ヘッダー ファイル</Filter>
    </ClInclude>
    <ClInclude Include="YMEngine\directX12\resource\resourceStateTracker.h">
      <Filter>ヘッダー ファイル</Filter>
    </ClInclude>
    <ClInclude Include="YMEngine\gameFrameWork\components\fbxLoader\fbxLoader.h">
      <Filter>ヘッダー ファイル</Filter>
    </ClInclude>
    <ClInclude Include="YMEngine\gameFrameWork\camera\camera.h">
      <Filter>ヘッダー ファイル</Filter>
    </ClInclude>
    <ClInclude Include="YMEngine\gameFrameWork\camera\cameraManager.h">
      <Filter>ヘッダー ファイル</Filter>
    </ClInclude>
    <ClInclude Include="YMEngine\gameFrameWork\requiredObject\mainCamera.h">
      <Filter>ヘッダー ファイル</Filter>
    </ClInclude>
    <ClInclude Include="YMEngine\gameFrameWork\components\objLoader\objLoader.h">
      <Filter>ヘッダー ファイル</Filter>
    </ClInclude>
    <ClInclude Include="YMEngine\directX12\resource\resourceManager.h">
      <Filter>ヘッダー ファイル</Filter>
    </ClInclude>
    <ClInclude Include="YMEngine\gameFrameWork\components\meshRenderer\meshRenderer.h">
      <Filter>ヘッダー ファイル</Filter>
    </ClInclude>
    <ClInclude Include="YMEngine\gameFrameWork\material\material.h">
      <Filter>ヘッダー ファイル</Filter>
    </ClInclude>
    <ClInclude Include="YMEngine\directX12\rootSignatureManager\rootSignatureManager.h">
      <Filter>ヘッダー ファイル</Filter>
    </ClInclude>
    <ClInclude Include="YMEngine\gameFrameWork\gameObject\gameObjectManager.h">
      <Filter>ヘッダー ファイル</Filter>
    </ClInclude>
    <ClInclude Include="YMEngine\directX12\postProcess\postProcessManager.h">
      <Filter>ヘッダー ファイル</Filter>
    </ClInclude>
    <ClInclude Include="YMEngine\directX12\postProcess\postProcessMaterial.h">
      <Filter>ヘッダー ファイル</Filter>
    </ClInclude>
    <ClInclude Include="YMEngine\gameFrameWork\material\postProcess\mosaic\mosaicMaterial.h">
      <Filter>ヘッダー ファイル</Filter>
    </ClInclude>
    <ClInclude Include="YMEngine\gameFrameWork\material\postProcess\grayScale\grayScaleMaterial.h">
      <Filter>ヘッダー ファイル</Filter>
    </ClInclude>
    <ClInclude Include="YMEngine\gameFrameWork\material\fbxMaterial.h">
      <Filter>ヘッダー ファイル</Filter>
    </ClInclude>
    <ClInclude Include="YMEngine\gameFrameWork\material\objMaterial.h">
      <Filter>ヘッダー ファイル</Filter>
    </ClInclude>
    <ClInclude Include="Game\Object\player\player.h">
      <Filter>ヘッダー ファイル</Filter>
    </ClInclude>
    <ClInclude Include="Game\Object\TestObject2.h">
      <Filter>ヘッダー ファイル</Filter>
    </ClInclude>
    <ClInclude Include="Game\Object\TestObject3.h">
      <Filter>ヘッダー ファイル</Filter>
    </ClInclude>
    <ClInclude Include="Game\Scene\TestScene2\testScene2.h">
      <Filter>ヘッダー ファイル</Filter>
    </ClInclude>
    <ClInclude Include="YMEngine\directX12\imgui\imguiRender.h">
      <Filter>ヘッダー ファイル</Filter>
    </ClInclude>
    <ClInclude Include="YMEngine\directX12\renderTargetManager\renderTargetManager.h">
      <Filter>ヘッダー ファイル</Filter>
    </ClInclude>
    <ClInclude Include="YMEngine\directX12\renderTexture\renderTexture.h">
      <Filter>ヘッダー ファイル</Filter>
    </ClInclude>
    <ClInclude Include="YMEngine\directX12\renderTexture\renderTextureManager.h">
      <Filter>ヘッダー ファイル</Filter>
    </ClInclude>
    <ClInclude Include="YMEngine\gameFrameWork\collider\collider.h">
      <Filter>ヘッダー ファイル</Filter>
    </ClInclude>
    <ClInclude Include="YMEngine\gameFrameWork\components\rigidBody\rigidBody.h">
      <Filter>ヘッダー ファイル</Filter>
    </ClInclude>
    <ClInclude Include="YMEngine\gameFrameWork\light\light.h">
      <Filter>ヘッダー ファイル</Filter>
    </ClInclude>
    <ClInclude Include="YMEngine\gameFrameWork\light\lightManager.h">
      <Filter>ヘッダー ファイル</Filter>
    </ClInclude>
    <ClInclude Include="YMEngine\gameFrameWork\light\pointLight.h">
      <Filter>ヘッダー ファイル</Filter>
    </ClInclude>
    <ClInclude Include="YMEngine\gameFrameWork\material\debugMaterial.h">
      <Filter>ヘッダー ファイル</Filter>
    </ClInclude>
    <ClInclude Include="YMEngine\gameFrameWork\material\dissolveMaterial.h">
      <Filter>ヘッダー ファイル</Filter>
    </ClInclude>
    <ClInclude Include="YMEngine\gameFrameWork\material\pbrMaterial.h">
      <Filter>ヘッダー ファイル</Filter>
    </ClInclude>
    <ClInclude Include="YMEngine\gameFrameWork\material\postProcess\blur\blurMaterial.h">
      <Filter>ヘッダー ファイル</Filter>
    </ClInclude>
    <ClInclude Include="YMEngine\gameFrameWork\material\postProcess\lightPass\lightPassMaterial.h">
      <Filter>ヘッダー ファイル</Filter>
    </ClInclude>
    <ClInclude Include="YMEngine\gameFrameWork\material\postProcess\lumPass\lumPassMaterial.h">
      <Filter>ヘッダー ファイル</Filter>
    </ClInclude>
    <ClInclude Include="YMEngine\gameFrameWork\material\tornadoMaterial.h">
      <Filter>ヘッダー ファイル</Filter>
    </ClInclude>
    <ClInclude Include="YMEngine\gameFrameWork\material\warpGateMaterial.h">
      <Filter>ヘッダー ファイル</Filter>
    </ClInclude>
    <ClInclude Include="YMEngine\gameFrameWork\requiredObject\directionalLight.h">
      <Filter>ヘッダー ファイル</Filter>
    </ClInclude>
    <ClInclude Include="YMEngine\gameFrameWork\requiredObject\sceneOcTree\sceneOcTree.h">
      <Filter>ヘッダー ファイル</Filter>
    </ClInclude>
    <ClInclude Include="YMEngine\gameFrameWork\requiredObject\sphereMap\sphereMap.h">
      <Filter>ヘッダー ファイル</Filter>
    </ClInclude>
    <ClInclude Include="YMEngine\gameFrameWork\sceneRenderRegistrar\sceneRenderRegistrar.h">
      <Filter>ヘッダー ファイル</Filter>
    </ClInclude>
    <ClInclude Include="YMEngine\ocTree\ocTree.h">
      <Filter>ヘッダー ファイル</Filter>
    </ClInclude>
    <ClInclude Include="YMEngine\thirdParty\imgui\imconfig.h">
      <Filter>ヘッダー ファイル</Filter>
    </ClInclude>
    <ClInclude Include="YMEngine\thirdParty\imgui\imgui.h">
      <Filter>ヘッダー ファイル</Filter>
    </ClInclude>
    <ClInclude Include="YMEngine\thirdParty\imgui\imgui_impl_dx12.h">
      <Filter>ヘッダー ファイル</Filter>
    </ClInclude>
    <ClInclude Include="YMEngine\thirdParty\imgui\imgui_impl_win32.h">
      <Filter>ヘッダー ファイル</Filter>
    </ClInclude>
    <ClInclude Include="YMEngine\thirdParty\imgui\imgui_internal.h">
      <Filter>ヘッダー ファイル</Filter>
    </ClInclude>
    <ClInclude Include="YMEngine\thirdParty\imgui\imstb_rectpack.h">
      <Filter>ヘッダー ファイル</Filter>
    </ClInclude>
    <ClInclude Include="YMEngine\thirdParty\imgui\imstb_textedit.h">
      <Filter>ヘッダー ファイル</Filter>
    </ClInclude>
    <ClInclude Include="YMEngine\thirdParty\imgui\imstb_truetype.h">
      <Filter>ヘッダー ファイル</Filter>
    </ClInclude>
    <ClInclude Include="Game\Object\board\childBoard.h">
      <Filter>ヘッダー ファイル</Filter>
    </ClInclude>
    <ClInclude Include="Game\Object\board\gameBoard.h">
      <Filter>ヘッダー ファイル</Filter>
    </ClInclude>
    <ClInclude Include="Game\Object\koma\koma.h">
      <Filter>ヘッダー ファイル</Filter>
    </ClInclude>
    <ClInclude Include="Game\Component\othello\gameManager.h">
      <Filter>ヘッダー ファイル</Filter>
    </ClInclude>
    <ClInclude Include="YMEngine\gameFrameWork\sound\soundManager.h">
      <Filter>ヘッダー ファイル</Filter>
    </ClInclude>
    <ClInclude Include="Game\Scene\TitleScene\titleScene.h">
      <Filter>ヘッダー ファイル</Filter>
    </ClInclude>
    <ClInclude Include="Game\Object\titleSprite\titleSprite.h">
      <Filter>ヘッダー ファイル</Filter>
    </ClInclude>
    <ClInclude Include="Game\Scene\ResultScene\resultScene.h">
      <Filter>ヘッダー ファイル</Filter>
    </ClInclude>
    <ClInclude Include="YMEngine\gameFrameWork\material\postProcess\ssr\ssrMaterial.h">
      <Filter>ヘッダー ファイル</Filter>
    </ClInclude>
  </ItemGroup>
  <ItemGroup>
    <None Include="assimp-vc143-mt.dll" />
    <None Include="packages.config" />
    <None Include="asset\shader\test\test.hlsli" />
    <None Include="asset\shader\2dSprite\2dSprite.hlsli" />
    <None Include="asset\shader\simpleFBX\simpleFBX.hlsli" />
    <None Include=".gitignore" />
    <None Include="asset\shader\Header\func.hlsli" />
    <None Include="asset\shader\Header\modelStruct.hlsli" />
  </ItemGroup>
  <ItemGroup>
    <Library Include="assimp-vc143-mt.lib" />
  </ItemGroup>
  <ItemGroup>
    <FxCompile Include="asset\shader\grayScale\grayScalePS.hlsl" />
    <FxCompile Include="asset\shader\grayScale\grayScaleVS.hlsl" />
    <FxCompile Include="asset\shader\mosaic\mosaicPS.hlsl" />
    <FxCompile Include="asset\shader\mosaic\mosaicVS.hlsl" />
    <FxCompile Include="asset\shader\reverse\reversePS.hlsl" />
    <FxCompile Include="asset\shader\reverse\reverseVS.hlsl" />
    <FxCompile Include="asset\shader\test\testPS.hlsl" />
    <FxCompile Include="asset\shader\test\testVS.hlsl" />
    <FxCompile Include="asset\shader\blur\blurVS.hlsl" />
    <FxCompile Include="asset\shader\blur\blurPS.hlsl" />
    <FxCompile Include="asset\shader\test2\test2VS.hlsl" />
    <FxCompile Include="asset\shader\test2\test2PS.hlsl" />
    <FxCompile Include="asset\shader\2dSprite\2dSpriteVS.hlsl" />
    <FxCompile Include="asset\shader\2dSprite\2dSpritePS.hlsl" />
    <FxCompile Include="asset\shader\simpleFBX\simpleFBXVS.hlsl" />
    <FxCompile Include="asset\shader\simpleFBX\simpleFBXPS.hlsl" />
    <FxCompile Include="asset\shader\fullScreen\fullScreenVS.hlsl" />
    <FxCompile Include="asset\shader\fullScreen\fullScreenPS.hlsl" />
    <FxCompile Include="asset\shader\unlit\unlitVS.hlsl" />
    <FxCompile Include="asset\shader\unlit\unlitPS.hlsl" />
    <FxCompile Include="asset\shader\simpleOBJ\simpleOBJVS.hlsl" />
    <FxCompile Include="asset\shader\simpleOBJ\simpleOBJPS.hlsl" />
    <FxCompile Include="asset\shader\copy\copyPS.hlsl" />
    <FxCompile Include="asset\shader\copy\copyVS.hlsl" />
    <FxCompile Include="asset\shader\debug\debugPS.hlsl" />
    <FxCompile Include="asset\shader\debug\debugVS.hlsl" />
    <FxCompile Include="asset\shader\dissolveModel\dissolveModelPS.hlsl" />
    <FxCompile Include="asset\shader\dissolveModel\dissolveModelVS.hlsl" />
    <FxCompile Include="asset\shader\gausBlur\gausBlurPS.hlsl" />
    <FxCompile Include="asset\shader\gausBlur\gausBlurVS.hlsl" />
    <FxCompile Include="asset\shader\lightPass\lightPassPS.hlsl" />
    <FxCompile Include="asset\shader\lightPass\lightPassVS.hlsl" />
    <FxCompile Include="asset\shader\lumPass\lumPassPS.hlsl" />
    <FxCompile Include="asset\shader\lumPass\lumPassVS.hlsl" />
    <FxCompile Include="asset\shader\pbr\pbrPS.hlsl" />
    <FxCompile Include="asset\shader\pbr\pbrVS.hlsl" />
    <FxCompile Include="asset\shader\shrink\shrinkPS.hlsl" />
    <FxCompile Include="asset\shader\shrink\shrinkVS.hlsl" />
    <FxCompile Include="asset\shader\ssr\ssrVS.hlsl" />
    <FxCompile Include="asset\shader\ssr\ssrPS.hlsl" />
  </ItemGroup>
  <ItemGroup>
    <Image Include="asset\texture\blue_noise.tga" />
    <Image Include="asset\texture\test.png">
      <Filter>リソース ファイル</Filter>
    </Image>
  </ItemGroup>
</Project>